// !$*UTF8*$!
{
	archiveVersion = 1;
	classes = {
	};
	objectVersion = 50;
	objects = {

/* Begin PBXBuildFile section */
		DACF66E9256EEC27007CABC5 /* AppDelegate.swift in Sources */ = {isa = PBXBuildFile; fileRef = DACF66E8256EEC27007CABC5 /* AppDelegate.swift */; };
		DACF66EB256EEC27007CABC5 /* ContentView.swift in Sources */ = {isa = PBXBuildFile; fileRef = DACF66EA256EEC27007CABC5 /* ContentView.swift */; };
		DACF66ED256EEC28007CABC5 /* Assets.xcassets in Resources */ = {isa = PBXBuildFile; fileRef = DACF66EC256EEC28007CABC5 /* Assets.xcassets */; };
		DACF66F0256EEC28007CABC5 /* Preview Assets.xcassets in Resources */ = {isa = PBXBuildFile; fileRef = DACF66EF256EEC28007CABC5 /* Preview Assets.xcassets */; };
		DACF66F3256EEC28007CABC5 /* Main.storyboard in Resources */ = {isa = PBXBuildFile; fileRef = DACF66F1256EEC28007CABC5 /* Main.storyboard */; };
		DACF66FF256EEC28007CABC5 /* SerenadeTests.swift in Sources */ = {isa = PBXBuildFile; fileRef = DACF66FE256EEC28007CABC5 /* SerenadeTests.swift */; };
		DACF670A256EEC28007CABC5 /* SerenadeUITests.swift in Sources */ = {isa = PBXBuildFile; fileRef = DACF6709256EEC28007CABC5 /* SerenadeUITests.swift */; };
/* End PBXBuildFile section */

/* Begin PBXContainerItemProxy section */
		DACF66FB256EEC28007CABC5 /* PBXContainerItemProxy */ = {
			isa = PBXContainerItemProxy;
			containerPortal = DACF66DD256EEC27007CABC5 /* Project object */;
			proxyType = 1;
			remoteGlobalIDString = DACF66E4256EEC27007CABC5;
			remoteInfo = Serenade;
		};
		DACF6706256EEC28007CABC5 /* PBXContainerItemProxy */ = {
			isa = PBXContainerItemProxy;
			containerPortal = DACF66DD256EEC27007CABC5 /* Project object */;
			proxyType = 1;
			remoteGlobalIDString = DACF66E4256EEC27007CABC5;
			remoteInfo = Serenade;
		};
/* End PBXContainerItemProxy section */

/* Begin PBXFileReference section */
		DACF66E5256EEC27007CABC5 /* Serenade.app */ = {isa = PBXFileReference; explicitFileType = wrapper.application; includeInIndex = 0; path = Serenade.app; sourceTree = BUILT_PRODUCTS_DIR; };
		DACF66E8256EEC27007CABC5 /* AppDelegate.swift */ = {isa = PBXFileReference; lastKnownFileType = sourcecode.swift; path = AppDelegate.swift; sourceTree = "<group>"; };
		DACF66EA256EEC27007CABC5 /* ContentView.swift */ = {isa = PBXFileReference; lastKnownFileType = sourcecode.swift; path = ContentView.swift; sourceTree = "<group>"; };
		DACF66EC256EEC28007CABC5 /* Assets.xcassets */ = {isa = PBXFileReference; lastKnownFileType = folder.assetcatalog; path = Assets.xcassets; sourceTree = "<group>"; };
		DACF66EF256EEC28007CABC5 /* Preview Assets.xcassets */ = {isa = PBXFileReference; lastKnownFileType = folder.assetcatalog; path = "Preview Assets.xcassets"; sourceTree = "<group>"; };
		DACF66F2256EEC28007CABC5 /* Base */ = {isa = PBXFileReference; lastKnownFileType = file.storyboard; name = Base; path = Base.lproj/Main.storyboard; sourceTree = "<group>"; };
		DACF66F4256EEC28007CABC5 /* Info.plist */ = {isa = PBXFileReference; lastKnownFileType = text.plist.xml; path = Info.plist; sourceTree = "<group>"; };
		DACF66F5256EEC28007CABC5 /* Serenade.entitlements */ = {isa = PBXFileReference; lastKnownFileType = text.plist.entitlements; path = Serenade.entitlements; sourceTree = "<group>"; };
		DACF66FA256EEC28007CABC5 /* SerenadeTests.xctest */ = {isa = PBXFileReference; explicitFileType = wrapper.cfbundle; includeInIndex = 0; path = SerenadeTests.xctest; sourceTree = BUILT_PRODUCTS_DIR; };
		DACF66FE256EEC28007CABC5 /* SerenadeTests.swift */ = {isa = PBXFileReference; lastKnownFileType = sourcecode.swift; path = SerenadeTests.swift; sourceTree = "<group>"; };
		DACF6700256EEC28007CABC5 /* Info.plist */ = {isa = PBXFileReference; lastKnownFileType = text.plist.xml; path = Info.plist; sourceTree = "<group>"; };
		DACF6705256EEC28007CABC5 /* SerenadeUITests.xctest */ = {isa = PBXFileReference; explicitFileType = wrapper.cfbundle; includeInIndex = 0; path = SerenadeUITests.xctest; sourceTree = BUILT_PRODUCTS_DIR; };
		DACF6709256EEC28007CABC5 /* SerenadeUITests.swift */ = {isa = PBXFileReference; lastKnownFileType = sourcecode.swift; path = SerenadeUITests.swift; sourceTree = "<group>"; };
		DACF670B256EEC28007CABC5 /* Info.plist */ = {isa = PBXFileReference; lastKnownFileType = text.plist.xml; path = Info.plist; sourceTree = "<group>"; };
/* End PBXFileReference section */

/* Begin PBXFrameworksBuildPhase section */
		DACF66E2256EEC27007CABC5 /* Frameworks */ = {
			isa = PBXFrameworksBuildPhase;
			buildActionMask = 2147483647;
			files = (
			);
			runOnlyForDeploymentPostprocessing = 0;
		};
		DACF66F7256EEC28007CABC5 /* Frameworks */ = {
			isa = PBXFrameworksBuildPhase;
			buildActionMask = 2147483647;
			files = (
			);
			runOnlyForDeploymentPostprocessing = 0;
		};
		DACF6702256EEC28007CABC5 /* Frameworks */ = {
			isa = PBXFrameworksBuildPhase;
			buildActionMask = 2147483647;
			files = (
			);
			runOnlyForDeploymentPostprocessing = 0;
		};
/* End PBXFrameworksBuildPhase section */

/* Begin PBXGroup section */
		DACF66DC256EEC27007CABC5 = {
			isa = PBXGroup;
			children = (
				DACF66E7256EEC27007CABC5 /* Serenade */,
				DACF66FD256EEC28007CABC5 /* SerenadeTests */,
				DACF6708256EEC28007CABC5 /* SerenadeUITests */,
				DACF66E6256EEC27007CABC5 /* Products */,
			);
			sourceTree = "<group>";
		};
		DACF66E6256EEC27007CABC5 /* Products */ = {
			isa = PBXGroup;
			children = (
				DACF66E5256EEC27007CABC5 /* Serenade.app */,
				DACF66FA256EEC28007CABC5 /* SerenadeTests.xctest */,
				DACF6705256EEC28007CABC5 /* SerenadeUITests.xctest */,
			);
			name = Products;
			sourceTree = "<group>";
		};
		DACF66E7256EEC27007CABC5 /* Serenade */ = {
			isa = PBXGroup;
			children = (
				DACF66E8256EEC27007CABC5 /* AppDelegate.swift */,
				DACF66EA256EEC27007CABC5 /* ContentView.swift */,
				DACF66EC256EEC28007CABC5 /* Assets.xcassets */,
				DACF66F1256EEC28007CABC5 /* Main.storyboard */,
				DACF66F4256EEC28007CABC5 /* Info.plist */,
				DACF66F5256EEC28007CABC5 /* Serenade.entitlements */,
				DACF66EE256EEC28007CABC5 /* Preview Content */,
			);
			path = Serenade;
			sourceTree = "<group>";
		};
		DACF66EE256EEC28007CABC5 /* Preview Content */ = {
			isa = PBXGroup;
			children = (
				DACF66EF256EEC28007CABC5 /* Preview Assets.xcassets */,
			);
			path = "Preview Content";
			sourceTree = "<group>";
		};
		DACF66FD256EEC28007CABC5 /* SerenadeTests */ = {
			isa = PBXGroup;
			children = (
				DACF66FE256EEC28007CABC5 /* SerenadeTests.swift */,
				DACF6700256EEC28007CABC5 /* Info.plist */,
			);
			path = SerenadeTests;
			sourceTree = "<group>";
		};
		DACF6708256EEC28007CABC5 /* SerenadeUITests */ = {
			isa = PBXGroup;
			children = (
				DACF6709256EEC28007CABC5 /* SerenadeUITests.swift */,
				DACF670B256EEC28007CABC5 /* Info.plist */,
			);
			path = SerenadeUITests;
			sourceTree = "<group>";
		};
/* End PBXGroup section */

/* Begin PBXNativeTarget section */
		DACF66E4256EEC27007CABC5 /* Serenade */ = {
			isa = PBXNativeTarget;
			buildConfigurationList = DACF670E256EEC28007CABC5 /* Build configuration list for PBXNativeTarget "Serenade" */;
			buildPhases = (
				DACF66E1256EEC27007CABC5 /* Sources */,
				DACF66E2256EEC27007CABC5 /* Frameworks */,
				DACF66E3256EEC27007CABC5 /* Resources */,
			);
			buildRules = (
			);
			dependencies = (
			);
			name = Serenade;
			productName = Serenade;
			productReference = DACF66E5256EEC27007CABC5 /* Serenade.app */;
			productType = "com.apple.product-type.application";
		};
		DACF66F9256EEC28007CABC5 /* SerenadeTests */ = {
			isa = PBXNativeTarget;
			buildConfigurationList = DACF6711256EEC28007CABC5 /* Build configuration list for PBXNativeTarget "SerenadeTests" */;
			buildPhases = (
				DACF66F6256EEC28007CABC5 /* Sources */,
				DACF66F7256EEC28007CABC5 /* Frameworks */,
				DACF66F8256EEC28007CABC5 /* Resources */,
			);
			buildRules = (
			);
			dependencies = (
				DACF66FC256EEC28007CABC5 /* PBXTargetDependency */,
			);
			name = SerenadeTests;
			productName = SerenadeTests;
			productReference = DACF66FA256EEC28007CABC5 /* SerenadeTests.xctest */;
			productType = "com.apple.product-type.bundle.unit-test";
		};
		DACF6704256EEC28007CABC5 /* SerenadeUITests */ = {
			isa = PBXNativeTarget;
			buildConfigurationList = DACF6714256EEC28007CABC5 /* Build configuration list for PBXNativeTarget "SerenadeUITests" */;
			buildPhases = (
				DACF6701256EEC28007CABC5 /* Sources */,
				DACF6702256EEC28007CABC5 /* Frameworks */,
				DACF6703256EEC28007CABC5 /* Resources */,
			);
			buildRules = (
			);
			dependencies = (
				DACF6707256EEC28007CABC5 /* PBXTargetDependency */,
			);
			name = SerenadeUITests;
			productName = SerenadeUITests;
			productReference = DACF6705256EEC28007CABC5 /* SerenadeUITests.xctest */;
			productType = "com.apple.product-type.bundle.ui-testing";
		};
/* End PBXNativeTarget section */

/* Begin PBXProject section */
		DACF66DD256EEC27007CABC5 /* Project object */ = {
			isa = PBXProject;
			attributes = {
				LastSwiftUpdateCheck = 1200;
				LastUpgradeCheck = 1200;
				TargetAttributes = {
					DACF66E4256EEC27007CABC5 = {
						CreatedOnToolsVersion = 12.0.1;
					};
					DACF66F9256EEC28007CABC5 = {
						CreatedOnToolsVersion = 12.0.1;
						TestTargetID = DACF66E4256EEC27007CABC5;
					};
					DACF6704256EEC28007CABC5 = {
						CreatedOnToolsVersion = 12.0.1;
						TestTargetID = DACF66E4256EEC27007CABC5;
					};
				};
			};
			buildConfigurationList = DACF66E0256EEC27007CABC5 /* Build configuration list for PBXProject "Serenade" */;
			compatibilityVersion = "Xcode 9.3";
			developmentRegion = en;
			hasScannedForEncodings = 0;
			knownRegions = (
				en,
				Base,
			);
			mainGroup = DACF66DC256EEC27007CABC5;
			productRefGroup = DACF66E6256EEC27007CABC5 /* Products */;
			projectDirPath = "";
			projectRoot = "";
			targets = (
				DACF66E4256EEC27007CABC5 /* Serenade */,
				DACF66F9256EEC28007CABC5 /* SerenadeTests */,
				DACF6704256EEC28007CABC5 /* SerenadeUITests */,
			);
		};
/* End PBXProject section */

/* Begin PBXResourcesBuildPhase section */
		DACF66E3256EEC27007CABC5 /* Resources */ = {
			isa = PBXResourcesBuildPhase;
			buildActionMask = 2147483647;
			files = (
				DACF66F3256EEC28007CABC5 /* Main.storyboard in Resources */,
				DACF66F0256EEC28007CABC5 /* Preview Assets.xcassets in Resources */,
				DACF66ED256EEC28007CABC5 /* Assets.xcassets in Resources */,
			);
			runOnlyForDeploymentPostprocessing = 0;
		};
		DACF66F8256EEC28007CABC5 /* Resources */ = {
			isa = PBXResourcesBuildPhase;
			buildActionMask = 2147483647;
			files = (
			);
			runOnlyForDeploymentPostprocessing = 0;
		};
		DACF6703256EEC28007CABC5 /* Resources */ = {
			isa = PBXResourcesBuildPhase;
			buildActionMask = 2147483647;
			files = (
			);
			runOnlyForDeploymentPostprocessing = 0;
		};
/* End PBXResourcesBuildPhase section */

/* Begin PBXSourcesBuildPhase section */
		DACF66E1256EEC27007CABC5 /* Sources */ = {
			isa = PBXSourcesBuildPhase;
			buildActionMask = 2147483647;
			files = (
				DACF66EB256EEC27007CABC5 /* ContentView.swift in Sources */,
				DACF66E9256EEC27007CABC5 /* AppDelegate.swift in Sources */,
			);
			runOnlyForDeploymentPostprocessing = 0;
		};
		DACF66F6256EEC28007CABC5 /* Sources */ = {
			isa = PBXSourcesBuildPhase;
			buildActionMask = 2147483647;
			files = (
				DACF66FF256EEC28007CABC5 /* SerenadeTests.swift in Sources */,
			);
			runOnlyForDeploymentPostprocessing = 0;
		};
		DACF6701256EEC28007CABC5 /* Sources */ = {
			isa = PBXSourcesBuildPhase;
			buildActionMask = 2147483647;
			files = (
				DACF670A256EEC28007CABC5 /* SerenadeUITests.swift in Sources */,
			);
			runOnlyForDeploymentPostprocessing = 0;
		};
/* End PBXSourcesBuildPhase section */

/* Begin PBXTargetDependency section */
		DACF66FC256EEC28007CABC5 /* PBXTargetDependency */ = {
			isa = PBXTargetDependency;
			target = DACF66E4256EEC27007CABC5 /* Serenade */;
			targetProxy = DACF66FB256EEC28007CABC5 /* PBXContainerItemProxy */;
		};
		DACF6707256EEC28007CABC5 /* PBXTargetDependency */ = {
			isa = PBXTargetDependency;
			target = DACF66E4256EEC27007CABC5 /* Serenade */;
			targetProxy = DACF6706256EEC28007CABC5 /* PBXContainerItemProxy */;
		};
/* End PBXTargetDependency section */

/* Begin PBXVariantGroup section */
		DACF66F1256EEC28007CABC5 /* Main.storyboard */ = {
			isa = PBXVariantGroup;
			children = (
				DACF66F2256EEC28007CABC5 /* Base */,
			);
			name = Main.storyboard;
			sourceTree = "<group>";
		};
/* End PBXVariantGroup section */

/* Begin XCBuildConfiguration section */
		DACF670C256EEC28007CABC5 /* Debug */ = {
			isa = XCBuildConfiguration;
			buildSettings = {
				ALWAYS_SEARCH_USER_PATHS = NO;
				CLANG_ANALYZER_NONNULL = YES;
				CLANG_ANALYZER_NUMBER_OBJECT_CONVERSION = YES_AGGRESSIVE;
				CLANG_CXX_LANGUAGE_STANDARD = "gnu++14";
				CLANG_CXX_LIBRARY = "libc++";
				CLANG_ENABLE_MODULES = YES;
				CLANG_ENABLE_OBJC_ARC = YES;
				CLANG_ENABLE_OBJC_WEAK = YES;
				CLANG_WARN_BLOCK_CAPTURE_AUTORELEASING = YES;
				CLANG_WARN_BOOL_CONVERSION = YES;
				CLANG_WARN_COMMA = YES;
				CLANG_WARN_CONSTANT_CONVERSION = YES;
				CLANG_WARN_DEPRECATED_OBJC_IMPLEMENTATIONS = YES;
				CLANG_WARN_DIRECT_OBJC_ISA_USAGE = YES_ERROR;
				CLANG_WARN_DOCUMENTATION_COMMENTS = YES;
				CLANG_WARN_EMPTY_BODY = YES;
				CLANG_WARN_ENUM_CONVERSION = YES;
				CLANG_WARN_INFINITE_RECURSION = YES;
				CLANG_WARN_INT_CONVERSION = YES;
				CLANG_WARN_NON_LITERAL_NULL_CONVERSION = YES;
				CLANG_WARN_OBJC_IMPLICIT_RETAIN_SELF = YES;
				CLANG_WARN_OBJC_LITERAL_CONVERSION = YES;
				CLANG_WARN_OBJC_ROOT_CLASS = YES_ERROR;
				CLANG_WARN_QUOTED_INCLUDE_IN_FRAMEWORK_HEADER = YES;
				CLANG_WARN_RANGE_LOOP_ANALYSIS = YES;
				CLANG_WARN_STRICT_PROTOTYPES = YES;
				CLANG_WARN_SUSPICIOUS_MOVE = YES;
				CLANG_WARN_UNGUARDED_AVAILABILITY = YES_AGGRESSIVE;
				CLANG_WARN_UNREACHABLE_CODE = YES;
				CLANG_WARN__DUPLICATE_METHOD_MATCH = YES;
				COPY_PHASE_STRIP = NO;
				DEBUG_INFORMATION_FORMAT = dwarf;
				ENABLE_STRICT_OBJC_MSGSEND = YES;
				ENABLE_TESTABILITY = YES;
				GCC_C_LANGUAGE_STANDARD = gnu11;
				GCC_DYNAMIC_NO_PIC = NO;
				GCC_NO_COMMON_BLOCKS = YES;
				GCC_OPTIMIZATION_LEVEL = 0;
				GCC_PREPROCESSOR_DEFINITIONS = (
					"DEBUG=1",
					"$(inherited)",
				);
				GCC_WARN_64_TO_32_BIT_CONVERSION = YES;
				GCC_WARN_ABOUT_RETURN_TYPE = YES_ERROR;
				GCC_WARN_UNDECLARED_SELECTOR = YES;
				GCC_WARN_UNINITIALIZED_AUTOS = YES_AGGRESSIVE;
				GCC_WARN_UNUSED_FUNCTION = YES;
				GCC_WARN_UNUSED_VARIABLE = YES;
				MACOSX_DEPLOYMENT_TARGET = 10.15;
				MTL_ENABLE_DEBUG_INFO = INCLUDE_SOURCE;
				MTL_FAST_MATH = YES;
				ONLY_ACTIVE_ARCH = YES;
				SDKROOT = macosx;
				SWIFT_ACTIVE_COMPILATION_CONDITIONS = DEBUG;
				SWIFT_OPTIMIZATION_LEVEL = "-Onone";
			};
			name = Debug;
		};
		DACF670D256EEC28007CABC5 /* Release */ = {
			isa = XCBuildConfiguration;
			buildSettings = {
				ALWAYS_SEARCH_USER_PATHS = NO;
				CLANG_ANALYZER_NONNULL = YES;
				CLANG_ANALYZER_NUMBER_OBJECT_CONVERSION = YES_AGGRESSIVE;
				CLANG_CXX_LANGUAGE_STANDARD = "gnu++14";
				CLANG_CXX_LIBRARY = "libc++";
				CLANG_ENABLE_MODULES = YES;
				CLANG_ENABLE_OBJC_ARC = YES;
				CLANG_ENABLE_OBJC_WEAK = YES;
				CLANG_WARN_BLOCK_CAPTURE_AUTORELEASING = YES;
				CLANG_WARN_BOOL_CONVERSION = YES;
				CLANG_WARN_COMMA = YES;
				CLANG_WARN_CONSTANT_CONVERSION = YES;
				CLANG_WARN_DEPRECATED_OBJC_IMPLEMENTATIONS = YES;
				CLANG_WARN_DIRECT_OBJC_ISA_USAGE = YES_ERROR;
				CLANG_WARN_DOCUMENTATION_COMMENTS = YES;
				CLANG_WARN_EMPTY_BODY = YES;
				CLANG_WARN_ENUM_CONVERSION = YES;
				CLANG_WARN_INFINITE_RECURSION = YES;
				CLANG_WARN_INT_CONVERSION = YES;
				CLANG_WARN_NON_LITERAL_NULL_CONVERSION = YES;
				CLANG_WARN_OBJC_IMPLICIT_RETAIN_SELF = YES;
				CLANG_WARN_OBJC_LITERAL_CONVERSION = YES;
				CLANG_WARN_OBJC_ROOT_CLASS = YES_ERROR;
				CLANG_WARN_QUOTED_INCLUDE_IN_FRAMEWORK_HEADER = YES;
				CLANG_WARN_RANGE_LOOP_ANALYSIS = YES;
				CLANG_WARN_STRICT_PROTOTYPES = YES;
				CLANG_WARN_SUSPICIOUS_MOVE = YES;
				CLANG_WARN_UNGUARDED_AVAILABILITY = YES_AGGRESSIVE;
				CLANG_WARN_UNREACHABLE_CODE = YES;
				CLANG_WARN__DUPLICATE_METHOD_MATCH = YES;
				COPY_PHASE_STRIP = NO;
				DEBUG_INFORMATION_FORMAT = "dwarf-with-dsym";
				ENABLE_NS_ASSERTIONS = NO;
				ENABLE_STRICT_OBJC_MSGSEND = YES;
				GCC_C_LANGUAGE_STANDARD = gnu11;
				GCC_NO_COMMON_BLOCKS = YES;
				GCC_WARN_64_TO_32_BIT_CONVERSION = YES;
				GCC_WARN_ABOUT_RETURN_TYPE = YES_ERROR;
				GCC_WARN_UNDECLARED_SELECTOR = YES;
				GCC_WARN_UNINITIALIZED_AUTOS = YES_AGGRESSIVE;
				GCC_WARN_UNUSED_FUNCTION = YES;
				GCC_WARN_UNUSED_VARIABLE = YES;
				MACOSX_DEPLOYMENT_TARGET = 10.15;
				MTL_ENABLE_DEBUG_INFO = NO;
				MTL_FAST_MATH = YES;
				SDKROOT = macosx;
				SWIFT_COMPILATION_MODE = wholemodule;
				SWIFT_OPTIMIZATION_LEVEL = "-O";
			};
			name = Release;
		};
		DACF670F256EEC28007CABC5 /* Debug */ = {
			isa = XCBuildConfiguration;
			buildSettings = {
				ASSETCATALOG_COMPILER_APPICON_NAME = AppIcon;
				ASSETCATALOG_COMPILER_GLOBAL_ACCENT_COLOR_NAME = AccentColor;
				CODE_SIGN_ENTITLEMENTS = Serenade/Serenade.entitlements;
				CODE_SIGN_STYLE = Automatic;
				COMBINE_HIDPI_IMAGES = YES;
				DEVELOPMENT_ASSET_PATHS = "\"Serenade/Preview Content\"";
				DEVELOPMENT_TEAM = TRMS5XS2MK;
				ENABLE_HARDENED_RUNTIME = YES;
				ENABLE_PREVIEWS = YES;
				INFOPLIST_FILE = Serenade/Info.plist;
				LD_RUNPATH_SEARCH_PATHS = (
					"$(inherited)",
					"@executable_path/../Frameworks",
				);
				MACOSX_DEPLOYMENT_TARGET = 10.15;
				PRODUCT_BUNDLE_IDENTIFIER = com.TrevorBakker.Serenade;
				PRODUCT_NAME = "$(TARGET_NAME)";
				SWIFT_VERSION = 5.0;
			};
			name = Debug;
		};
		DACF6710256EEC28007CABC5 /* Release */ = {
			isa = XCBuildConfiguration;
			buildSettings = {
				ASSETCATALOG_COMPILER_APPICON_NAME = AppIcon;
				ASSETCATALOG_COMPILER_GLOBAL_ACCENT_COLOR_NAME = AccentColor;
				CODE_SIGN_ENTITLEMENTS = Serenade/Serenade.entitlements;
				CODE_SIGN_STYLE = Automatic;
				COMBINE_HIDPI_IMAGES = YES;
				DEVELOPMENT_ASSET_PATHS = "\"Serenade/Preview Content\"";
				DEVELOPMENT_TEAM = TRMS5XS2MK;
				ENABLE_HARDENED_RUNTIME = YES;
				ENABLE_PREVIEWS = YES;
				INFOPLIST_FILE = Serenade/Info.plist;
				LD_RUNPATH_SEARCH_PATHS = (
					"$(inherited)",
					"@executable_path/../Frameworks",
				);
				MACOSX_DEPLOYMENT_TARGET = 10.15;
				PRODUCT_BUNDLE_IDENTIFIER = com.TrevorBakker.Serenade;
				PRODUCT_NAME = "$(TARGET_NAME)";
				SWIFT_VERSION = 5.0;
			};
			name = Release;
		};
		DACF6712256EEC28007CABC5 /* Debug */ = {
			isa = XCBuildConfiguration;
			buildSettings = {
				ALWAYS_EMBED_SWIFT_STANDARD_LIBRARIES = YES;
				BUNDLE_LOADER = "$(TEST_HOST)";
				CODE_SIGN_STYLE = Automatic;
				COMBINE_HIDPI_IMAGES = YES;
				DEVELOPMENT_TEAM = TRMS5XS2MK;
				INFOPLIST_FILE = SerenadeTests/Info.plist;
				LD_RUNPATH_SEARCH_PATHS = (
					"$(inherited)",
					"@executable_path/../Frameworks",
					"@loader_path/../Frameworks",
				);
				MACOSX_DEPLOYMENT_TARGET = 10.15;
				PRODUCT_BUNDLE_IDENTIFIER = com.TrevorBakker.SerenadeTests;
				PRODUCT_NAME = "$(TARGET_NAME)";
				SWIFT_VERSION = 5.0;
				TEST_HOST = "$(BUILT_PRODUCTS_DIR)/Serenade.app/Contents/MacOS/Serenade";
			};
			name = Debug;
		};
		DACF6713256EEC28007CABC5 /* Release */ = {
			isa = XCBuildConfiguration;
			buildSettings = {
				ALWAYS_EMBED_SWIFT_STANDARD_LIBRARIES = YES;
				BUNDLE_LOADER = "$(TEST_HOST)";
				CODE_SIGN_STYLE = Automatic;
				COMBINE_HIDPI_IMAGES = YES;
				DEVELOPMENT_TEAM = TRMS5XS2MK;
				INFOPLIST_FILE = SerenadeTests/Info.plist;
				LD_RUNPATH_SEARCH_PATHS = (
					"$(inherited)",
					"@executable_path/../Frameworks",
					"@loader_path/../Frameworks",
				);
				MACOSX_DEPLOYMENT_TARGET = 10.15;
				PRODUCT_BUNDLE_IDENTIFIER = com.TrevorBakker.SerenadeTests;
				PRODUCT_NAME = "$(TARGET_NAME)";
				SWIFT_VERSION = 5.0;
				TEST_HOST = "$(BUILT_PRODUCTS_DIR)/Serenade.app/Contents/MacOS/Serenade";
			};
			name = Release;
		};
		DACF6715256EEC28007CABC5 /* Debug */ = {
			isa = XCBuildConfiguration;
			buildSettings = {
				ALWAYS_EMBED_SWIFT_STANDARD_LIBRARIES = YES;
				CODE_SIGN_STYLE = Automatic;
				COMBINE_HIDPI_IMAGES = YES;
				DEVELOPMENT_TEAM = TRMS5XS2MK;
				INFOPLIST_FILE = SerenadeUITests/Info.plist;
				LD_RUNPATH_SEARCH_PATHS = (
					"$(inherited)",
					"@executable_path/../Frameworks",
					"@loader_path/../Frameworks",
				);
				PRODUCT_BUNDLE_IDENTIFIER = com.TrevorBakker.SerenadeUITests;
				PRODUCT_NAME = "$(TARGET_NAME)";
				SWIFT_VERSION = 5.0;
				TEST_TARGET_NAME = Serenade;
			};
			name = Debug;
		};
		DACF6716256EEC28007CABC5 /* Release */ = {
			isa = XCBuildConfiguration;
			buildSettings = {
				ALWAYS_EMBED_SWIFT_STANDARD_LIBRARIES = YES;
				CODE_SIGN_STYLE = Automatic;
				COMBINE_HIDPI_IMAGES = YES;
				DEVELOPMENT_TEAM = TRMS5XS2MK;
				INFOPLIST_FILE = SerenadeUITests/Info.plist;
				LD_RUNPATH_SEARCH_PATHS = (
					"$(inherited)",
					"@executable_path/../Frameworks",
					"@loader_path/../Frameworks",
				);
				PRODUCT_BUNDLE_IDENTIFIER = com.TrevorBakker.SerenadeUITests;
				PRODUCT_NAME = "$(TARGET_NAME)";
				SWIFT_VERSION = 5.0;
				TEST_TARGET_NAME = Serenade;
			};
			name = Release;
		};
/* End XCBuildConfiguration section */

/* Begin XCConfigurationList section */
		DACF66E0256EEC27007CABC5 /* Build configuration list for PBXProject "Serenade" */ = {
			isa = XCConfigurationList;
			buildConfigurations = (
				DACF670C256EEC28007CABC5 /* Debug */,
				DACF670D256EEC28007CABC5 /* Release */,
			);
			defaultConfigurationIsVisible = 0;
			defaultConfigurationName = Release;
		};
		DACF670E256EEC28007CABC5 /* Build configuration list for PBXNativeTarget "Serenade" */ = {
			isa = XCConfigurationList;
			buildConfigurations = (
				DACF670F256EEC28007CABC5 /* Debug */,
				DACF6710256EEC28007CABC5 /* Release */,
			);
			defaultConfigurationIsVisible = 0;
			defaultConfigurationName = Release;
		};
		DACF6711256EEC28007CABC5 /* Build configuration list for PBXNativeTarget "SerenadeTests" */ = {
			isa = XCConfigurationList;
			buildConfigurations = (
				DACF6712256EEC28007CABC5 /* Debug */,
				DACF6713256EEC28007CABC5 /* Release */,
			);
			defaultConfigurationIsVisible = 0;
			defaultConfigurationName = Release;
		};
		DACF6714256EEC28007CABC5 /* Build configuration list for PBXNativeTarget "SerenadeUITests" */ = {
			isa = XCConfigurationList;
			buildConfigurations = (
				DACF6715256EEC28007CABC5 /* Debug */,
				DACF6716256EEC28007CABC5 /* Release */,
			);
			defaultConfigurationIsVisible = 0;
			defaultConfigurationName = Release;
		};
/* End XCConfigurationList section */
	};
	rootObject = DACF66DD256EEC27007CABC5 /* Project object */;
}
